
Microsoft Visual Studio Solution File, Format Version 12.00
# Visual Studio 2012
Project("{FAE04EC0-301F-11D3-BF4B-00C04F79EFBC}") = "TwitterHistory1", "TwitterHistory1\TwitterHistory1.csproj", "{F320ABB2-16D1-46E1-84EF-705925D4A9A3}"
EndProject
Global
	GlobalSection(SolutionConfigurationPlatforms) = preSolution
		Debug|iPhoneSimulator = Debug|iPhoneSimulator
		Release|iPhone = Release|iPhone
		Release|iPhoneSimulator = Release|iPhoneSimulator
		Debug|iPhone = Debug|iPhone
	EndGlobalSection
	GlobalSection(ProjectConfigurationPlatforms) = postSolution
		{F320ABB2-16D1-46E1-84EF-705925D4A9A3}.Debug|iPhoneSimulator.ActiveCfg = Debug|iPhoneSimulator
		{F320ABB2-16D1-46E1-84EF-705925D4A9A3}.Debug|iPhoneSimulator.Build.0 = Debug|iPhoneSimulator
		{F320ABB2-16D1-46E1-84EF-705925D4A9A3}.Release|iPhone.ActiveCfg = Release|iPhone
		{F320ABB2-16D1-46E1-84EF-705925D4A9A3}.Release|iPhone.Build.0 = Release|iPhone
		{F320ABB2-16D1-46E1-84EF-705925D4A9A3}.Release|iPhoneSimulator.ActiveCfg = Release|iPhoneSimulator
		{F320ABB2-16D1-46E1-84EF-705925D4A9A3}.Release|iPhoneSimulator.Build.0 = Release|iPhoneSimulator
		{F320ABB2-16D1-46E1-84EF-705925D4A9A3}.Debug|iPhone.ActiveCfg = Debug|iPhone
		{F320ABB2-16D1-46E1-84EF-705925D4A9A3}.Debug|iPhone.Build.0 = Debug|iPhone
	EndGlobalSection
EndGlobal
